
Microsoft Visual Studio Solution File, Format Version 12.00
Project("{2150E333-8FDC-42A3-9474-1A3956D46DE8}") = "Tests", "Tests", "{F9F1B715-AB59-4823-9925-1FF545B1A149}"
EndProject
Project("{FAE04EC0-301F-11D3-BF4B-00C04F79EFBC}") = "EntityObserver.Tests", "..\tests\EntityObserver.Tests\EntityObserver.Tests.csproj", "{D6F69BA0-99A3-47F6-93C0-1CEE5EFA997F}"
EndProject
Project("{FAE04EC0-301F-11D3-BF4B-00C04F79EFBC}") = "EntityObserver", "EntityObserver\EntityObserver.csproj", "{1157D101-6939-4E57-9F36-832690ED43A5}"
EndProject
Global
	GlobalSection(SolutionConfigurationPlatforms) = preSolution
		Debug|Any CPU = Debug|Any CPU
		Release|Any CPU = Release|Any CPU
	EndGlobalSection
	GlobalSection(ProjectConfigurationPlatforms) = postSolution
		{D6F69BA0-99A3-47F6-93C0-1CEE5EFA997F}.Debug|Any CPU.ActiveCfg = Debug|Any CPU
		{D6F69BA0-99A3-47F6-93C0-1CEE5EFA997F}.Debug|Any CPU.Build.0 = Debug|Any CPU
		{D6F69BA0-99A3-47F6-93C0-1CEE5EFA997F}.Release|Any CPU.ActiveCfg = Release|Any CPU
		{D6F69BA0-99A3-47F6-93C0-1CEE5EFA997F}.Release|Any CPU.Build.0 = Release|Any CPU
		{1157D101-6939-4E57-9F36-832690ED43A5}.Debug|Any CPU.ActiveCfg = Debug|Any CPU
		{1157D101-6939-4E57-9F36-832690ED43A5}.Debug|Any CPU.Build.0 = Debug|Any CPU
		{1157D101-6939-4E57-9F36-832690ED43A5}.Release|Any CPU.ActiveCfg = Release|Any CPU
		{1157D101-6939-4E57-9F36-832690ED43A5}.Release|Any CPU.Build.0 = Release|Any CPU
	EndGlobalSection
	GlobalSection(NestedProjects) = preSolution
		{D6F69BA0-99A3-47F6-93C0-1CEE5EFA997F} = {F9F1B715-AB59-4823-9925-1FF545B1A149}
	EndGlobalSection
EndGlobal
